
Microsoft Visual Studio Solution File, Format Version 12.00
# Visual Studio Version 16
VisualStudioVersion = 16.0.31911.196
MinimumVisualStudioVersion = 10.0.40219.1
Project("{9A19103F-16F7-4668-BE54-9A1E7A4F7556}") = "BitirmeTeziKerim", "BitirmeTeziKerim\BitirmeTeziKerim.csproj", "{EC625DD4-9860-446C-A696-E8F06DF60D68}"
EndProject
Global
	GlobalSection(SolutionConfigurationPlatforms) = preSolution
		Debug|Any CPU = Debug|Any CPU
		Release|Any CPU = Release|Any CPU
	EndGlobalSection
	GlobalSection(ProjectConfigurationPlatforms) = postSolution
		{EC625DD4-9860-446C-A696-E8F06DF60D68}.Debug|Any CPU.ActiveCfg = Debug|Any CPU
		{EC625DD4-9860-446C-A696-E8F06DF60D68}.Debug|Any CPU.Build.0 = Debug|Any CPU
		{EC625DD4-9860-446C-A696-E8F06DF60D68}.Release|Any CPU.ActiveCfg = Release|Any CPU
		{EC625DD4-9860-446C-A696-E8F06DF60D68}.Release|Any CPU.Build.0 = Release|Any CPU
	EndGlobalSection
	GlobalSection(SolutionProperties) = preSolution
		HideSolutionNode = FALSE
	EndGlobalSection
	GlobalSection(ExtensibilityGlobals) = postSolution
		SolutionGuid = {318DFC1A-7F3C-4ADF-BADC-30F0D5320523}
	EndGlobalSection
EndGlobal
